
Microsoft Visual Studio Solution File, Format Version 12.00
# Visual Studio Version 17
VisualStudioVersion = 17.14.37301.10 d17.14
MinimumVisualStudioVersion = 10.0.40219.1
Project("{FAE04EC0-301F-11D3-BF4B-00C04F79EFBC}") = "video player", "video player\video player.csproj", "{21AEBD29-3515-49E5-95D6-DCF09C78E545}"
EndProject
Global
	GlobalSection(SolutionConfigurationPlatforms) = preSolution
		Debug|Any CPU = Debug|Any CPU
		Release|Any CPU = Release|Any CPU
	EndGlobalSection
	GlobalSection(ProjectConfigurationPlatforms) = postSolution
		{21AEBD29-3515-49E5-95D6-DCF09C78E545}.Debug|Any CPU.ActiveCfg = Debug|Any CPU
		{21AEBD29-3515-49E5-95D6-DCF09C78E545}.Debug|Any CPU.Build.0 = Debug|Any CPU
		{21AEBD29-3515-49E5-95D6-DCF09C78E545}.Release|Any CPU.ActiveCfg = Release|Any CPU
		{21AEBD29-3515-49E5-95D6-DCF09C78E545}.Release|Any CPU.Build.0 = Release|Any CPU
	EndGlobalSection
	GlobalSection(SolutionProperties) = preSolution
		HideSolutionNode = FALSE
	EndGlobalSection
	GlobalSection(ExtensibilityGlobals) = postSolution
		SolutionGuid = {FAABD120-CF20-4316-BBF1-932519F0B356}
	EndGlobalSection
EndGlobal
